// !$*UTF8*$!
{
	archiveVersion = 1;
	classes = {
	};
	objectVersion = 51;
	objects = {

/* Begin PBXBuildFile section */
		73323839FEFBD25FE5EC9442 /* Pods_Firebase_Chat.framework in Frameworks */ = {isa = PBXBuildFile; fileRef = 13331F6F690EDEBA0A0C7D6A /* Pods_Firebase_Chat.framework */; };
		F9097CC425CACD7400645067 /* AppDelegate.swift in Sources */ = {isa = PBXBuildFile; fileRef = F9097CC325CACD7400645067 /* AppDelegate.swift */; };
		F9097CC625CACD7400645067 /* SceneDelegate.swift in Sources */ = {isa = PBXBuildFile; fileRef = F9097CC525CACD7400645067 /* SceneDelegate.swift */; };
		F9097CC825CACD7400645067 /* LoginViewController.swift in Sources */ = {isa = PBXBuildFile; fileRef = F9097CC725CACD7400645067 /* LoginViewController.swift */; };
		F9097CCB25CACD7400645067 /* Main.storyboard in Resources */ = {isa = PBXBuildFile; fileRef = F9097CC925CACD7400645067 /* Main.storyboard */; };
		F9097CCD25CACD7500645067 /* Assets.xcassets in Resources */ = {isa = PBXBuildFile; fileRef = F9097CCC25CACD7500645067 /* Assets.xcassets */; };
		F9097CD025CACD7500645067 /* LaunchScreen.storyboard in Resources */ = {isa = PBXBuildFile; fileRef = F9097CCE25CACD7500645067 /* LaunchScreen.storyboard */; };
		F9097CDB25CAD4ED00645067 /* GoogleService-Info.plist in Resources */ = {isa = PBXBuildFile; fileRef = F9097CDA25CAD4ED00645067 /* GoogleService-Info.plist */; };
		F9097D2625CAEE4F00645067 /* Message.swift in Sources */ = {isa = PBXBuildFile; fileRef = F9097D2525CAEE4F00645067 /* Message.swift */; };
		F9097D2925CAF5C700645067 /* MessagesCollectionViewController.swift in Sources */ = {isa = PBXBuildFile; fileRef = F9097D2825CAF5C700645067 /* MessagesCollectionViewController.swift */; };
		F9097D2C25CAF69900645067 /* MessageCollectionViewCell.swift in Sources */ = {isa = PBXBuildFile; fileRef = F9097D2B25CAF69900645067 /* MessageCollectionViewCell.swift */; };
		F9097D4525CC03F400645067 /* Extensions.swift in Sources */ = {isa = PBXBuildFile; fileRef = F9097D4425CC03F400645067 /* Extensions.swift */; };
		F9097D4825CC203C00645067 /* MessageLabel.swift in Sources */ = {isa = PBXBuildFile; fileRef = F9097D4725CC203C00645067 /* MessageLabel.swift */; };
/* End PBXBuildFile section */

/* Begin PBXFileReference section */
		13331F6F690EDEBA0A0C7D6A /* Pods_Firebase_Chat.framework */ = {isa = PBXFileReference; explicitFileType = wrapper.framework; includeInIndex = 0; path = Pods_Firebase_Chat.framework; sourceTree = BUILT_PRODUCTS_DIR; };
		63848B3860886CB7B448B09B /* Pods-Firebase Chat.release.xcconfig */ = {isa = PBXFileReference; includeInIndex = 1; lastKnownFileType = text.xcconfig; name = "Pods-Firebase Chat.release.xcconfig"; path = "Target Support Files/Pods-Firebase Chat/Pods-Firebase Chat.release.xcconfig"; sourceTree = "<group>"; };
		7692A41DB691898E78B03B6A /* Pods-Firebase Chat.debug.xcconfig */ = {isa = PBXFileReference; includeInIndex = 1; lastKnownFileType = text.xcconfig; name = "Pods-Firebase Chat.debug.xcconfig"; path = "Target Support Files/Pods-Firebase Chat/Pods-Firebase Chat.debug.xcconfig"; sourceTree = "<group>"; };
		F9097CC025CACD7400645067 /* Firebase Chat.app */ = {isa = PBXFileReference; explicitFileType = wrapper.application; includeInIndex = 0; path = "Firebase Chat.app"; sourceTree = BUILT_PRODUCTS_DIR; };
		F9097CC325CACD7400645067 /* AppDelegate.swift */ = {isa = PBXFileReference; lastKnownFileType = sourcecode.swift; path = AppDelegate.swift; sourceTree = "<group>"; };
		F9097CC525CACD7400645067 /* SceneDelegate.swift */ = {isa = PBXFileReference; lastKnownFileType = sourcecode.swift; path = SceneDelegate.swift; sourceTree = "<group>"; };
		F9097CC725CACD7400645067 /* LoginViewController.swift */ = {isa = PBXFileReference; lastKnownFileType = sourcecode.swift; path = LoginViewController.swift; sourceTree = "<group>"; };
		F9097CCA25CACD7400645067 /* Base */ = {isa = PBXFileReference; lastKnownFileType = file.storyboard; name = Base; path = Base.lproj/Main.storyboard; sourceTree = "<group>"; };
		F9097CCC25CACD7500645067 /* Assets.xcassets */ = {isa = PBXFileReference; lastKnownFileType = folder.assetcatalog; path = Assets.xcassets; sourceTree = "<group>"; };
		F9097CCF25CACD7500645067 /* Base */ = {isa = PBXFileReference; lastKnownFileType = file.storyboard; name = Base; path = Base.lproj/LaunchScreen.storyboard; sourceTree = "<group>"; };
		F9097CD125CACD7500645067 /* Info.plist */ = {isa = PBXFileReference; lastKnownFileType = text.plist.xml; path = Info.plist; sourceTree = "<group>"; };
		F9097CDA25CAD4ED00645067 /* GoogleService-Info.plist */ = {isa = PBXFileReference; fileEncoding = 4; lastKnownFileType = text.plist.xml; path = "GoogleService-Info.plist"; sourceTree = "<group>"; };
		F9097D2525CAEE4F00645067 /* Message.swift */ = {isa = PBXFileReference; lastKnownFileType = sourcecode.swift; path = Message.swift; sourceTree = "<group>"; };
		F9097D2825CAF5C700645067 /* MessagesCollectionViewController.swift */ = {isa = PBXFileReference; lastKnownFileType = sourcecode.swift; path = MessagesCollectionViewController.swift; sourceTree = "<group>"; };
		F9097D2B25CAF69900645067 /* MessageCollectionViewCell.swift */ = {isa = PBXFileReference; lastKnownFileType = sourcecode.swift; path = MessageCollectionViewCell.swift; sourceTree = "<group>"; };
		F9097D4425CC03F400645067 /* Extensions.swift */ = {isa = PBXFileReference; lastKnownFileType = sourcecode.swift; path = Extensions.swift; sourceTree = "<group>"; };
		F9097D4725CC203C00645067 /* MessageLabel.swift */ = {isa = PBXFileReference; lastKnownFileType = sourcecode.swift; path = MessageLabel.swift; sourceTree = "<group>"; };
/* End PBXFileReference section */

/* Begin PBXFrameworksBuildPhase section */
		F9097CBD25CACD7400645067 /* Frameworks */ = {
			isa = PBXFrameworksBuildPhase;
			buildActionMask = 2147483647;
			files = (
				73323839FEFBD25FE5EC9442 /* Pods_Firebase_Chat.framework in Frameworks */,
			);
			runOnlyForDeploymentPostprocessing = 0;
		};
/* End PBXFrameworksBuildPhase section */

/* Begin PBXGroup section */
		6382C6B870B629CCCC5A7480 /* Frameworks */ = {
			isa = PBXGroup;
			children = (
				13331F6F690EDEBA0A0C7D6A /* Pods_Firebase_Chat.framework */,
			);
			name = Frameworks;
			sourceTree = "<group>";
		};
		861E463B6131DFBCD91A5C8C /* Pods */ = {
			isa = PBXGroup;
			children = (
				7692A41DB691898E78B03B6A /* Pods-Firebase Chat.debug.xcconfig */,
				63848B3860886CB7B448B09B /* Pods-Firebase Chat.release.xcconfig */,
			);
			path = Pods;
			sourceTree = "<group>";
		};
		F9097CB725CACD7400645067 = {
			isa = PBXGroup;
			children = (
				F9097CC225CACD7400645067 /* Firebase Chat */,
				F9097CC125CACD7400645067 /* Products */,
				861E463B6131DFBCD91A5C8C /* Pods */,
				6382C6B870B629CCCC5A7480 /* Frameworks */,
			);
			sourceTree = "<group>";
		};
		F9097CC125CACD7400645067 /* Products */ = {
			isa = PBXGroup;
			children = (
				F9097CC025CACD7400645067 /* Firebase Chat.app */,
			);
			name = Products;
			sourceTree = "<group>";
		};
		F9097CC225CACD7400645067 /* Firebase Chat */ = {
			isa = PBXGroup;
			children = (
				F9097CD825CACD8000645067 /* Supporting Files */,
				F9E4702E25CC620500CC2AEA /* ViewControllers */,
				F9097D4425CC03F400645067 /* Extensions.swift */,
				F9097CC925CACD7400645067 /* Main.storyboard */,
				F9097D2B25CAF69900645067 /* MessageCollectionViewCell.swift */,
				F9097D4725CC203C00645067 /* MessageLabel.swift */,
				F9097D2525CAEE4F00645067 /* Message.swift */,
				F9097CDA25CAD4ED00645067 /* GoogleService-Info.plist */,
				F9097CD125CACD7500645067 /* Info.plist */,
			);
			path = "Firebase Chat";
			sourceTree = "<group>";
		};
		F9097CD825CACD8000645067 /* Supporting Files */ = {
			isa = PBXGroup;
			children = (
				F9097CC325CACD7400645067 /* AppDelegate.swift */,
				F9097CC525CACD7400645067 /* SceneDelegate.swift */,
				F9097CCC25CACD7500645067 /* Assets.xcassets */,
				F9097CCE25CACD7500645067 /* LaunchScreen.storyboard */,
			);
			path = "Supporting Files";
			sourceTree = "<group>";
		};
		F9E4702E25CC620500CC2AEA /* ViewControllers */ = {
			isa = PBXGroup;
			children = (
				F9097CC725CACD7400645067 /* LoginViewController.swift */,
				F9097D2825CAF5C700645067 /* MessagesCollectionViewController.swift */,
			);
			path = ViewControllers;
			sourceTree = "<group>";
		};
/* End PBXGroup section */

/* Begin PBXNativeTarget section */
		F9097CBF25CACD7400645067 /* Firebase Chat */ = {
			isa = PBXNativeTarget;
			buildConfigurationList = F9097CD425CACD7500645067 /* Build configuration list for PBXNativeTarget "Firebase Chat" */;
			buildPhases = (
				39B4FF069BA029AEC87AB27C /* [CP] Check Pods Manifest.lock */,
				F9097CBC25CACD7400645067 /* Sources */,
				F9097CBD25CACD7400645067 /* Frameworks */,
				F9097CBE25CACD7400645067 /* Resources */,
				2D30BDCA07B0BDBA4BFD67B7 /* [CP] Embed Pods Frameworks */,
			);
			buildRules = (
			);
			dependencies = (
			);
			name = "Firebase Chat";
			productName = "Firebase Chat";
			productReference = F9097CC025CACD7400645067 /* Firebase Chat.app */;
			productType = "com.apple.product-type.application";
		};
/* End PBXNativeTarget section */

/* Begin PBXProject section */
		F9097CB825CACD7400645067 /* Project object */ = {
			isa = PBXProject;
			attributes = {
				LastSwiftUpdateCheck = 1240;
				LastUpgradeCheck = 1240;
				TargetAttributes = {
					F9097CBF25CACD7400645067 = {
						CreatedOnToolsVersion = 12.4;
					};
				};
			};
			buildConfigurationList = F9097CBB25CACD7400645067 /* Build configuration list for PBXProject "Firebase Chat" */;
			compatibilityVersion = "Xcode 9.3";
			developmentRegion = en;
			hasScannedForEncodings = 0;
			knownRegions = (
				en,
				Base,
			);
			mainGroup = F9097CB725CACD7400645067;
			productRefGroup = F9097CC125CACD7400645067 /* Products */;
			projectDirPath = "";
			projectRoot = "";
			targets = (
				F9097CBF25CACD7400645067 /* Firebase Chat */,
			);
		};
/* End PBXProject section */

/* Begin PBXResourcesBuildPhase section */
		F9097CBE25CACD7400645067 /* Resources */ = {
			isa = PBXResourcesBuildPhase;
			buildActionMask = 2147483647;
			files = (
				F9097CD025CACD7500645067 /* LaunchScreen.storyboard in Resources */,
				F9097CDB25CAD4ED00645067 /* GoogleService-Info.plist in Resources */,
				F9097CCD25CACD7500645067 /* Assets.xcassets in Resources */,
				F9097CCB25CACD7400645067 /* Main.storyboard in Resources */,
			);
			runOnlyForDeploymentPostprocessing = 0;
		};
/* End PBXResourcesBuildPhase section */

/* Begin PBXShellScriptBuildPhase section */
		2D30BDCA07B0BDBA4BFD67B7 /* [CP] Embed Pods Frameworks */ = {
			isa = PBXShellScriptBuildPhase;
			buildActionMask = 2147483647;
			files = (
			);
			inputFileListPaths = (
				"${PODS_ROOT}/Target Support Files/Pods-Firebase Chat/Pods-Firebase Chat-frameworks-${CONFIGURATION}-input-files.xcfilelist",
			);
			name = "[CP] Embed Pods Frameworks";
			outputFileListPaths = (
				"${PODS_ROOT}/Target Support Files/Pods-Firebase Chat/Pods-Firebase Chat-frameworks-${CONFIGURATION}-output-files.xcfilelist",
			);
			runOnlyForDeploymentPostprocessing = 0;
			shellPath = /bin/sh;
			shellScript = "\"${PODS_ROOT}/Target Support Files/Pods-Firebase Chat/Pods-Firebase Chat-frameworks.sh\"\n";
			showEnvVarsInLog = 0;
		};
		39B4FF069BA029AEC87AB27C /* [CP] Check Pods Manifest.lock */ = {
			isa = PBXShellScriptBuildPhase;
			buildActionMask = 2147483647;
			files = (
			);
			inputFileListPaths = (
			);
			inputPaths = (
				"${PODS_PODFILE_DIR_PATH}/Podfile.lock",
				"${PODS_ROOT}/Manifest.lock",
			);
			name = "[CP] Check Pods Manifest.lock";
			outputFileListPaths = (
			);
			outputPaths = (
				"$(DERIVED_FILE_DIR)/Pods-Firebase Chat-checkManifestLockResult.txt",
			);
			runOnlyForDeploymentPostprocessing = 0;
			shellPath = /bin/sh;
			shellScript = "diff \"${PODS_PODFILE_DIR_PATH}/Podfile.lock\" \"${PODS_ROOT}/Manifest.lock\" > /dev/null\nif [ $? != 0 ] ; then\n    # print error to STDERR\n    echo \"error: The sandbox is not in sync with the Podfile.lock. Run 'pod install' or update your CocoaPods installation.\" >&2\n    exit 1\nfi\n# This output is used by Xcode 'outputs' to avoid re-running this script phase.\necho \"SUCCESS\" > \"${SCRIPT_OUTPUT_FILE_0}\"\n";
			showEnvVarsInLog = 0;
		};
/* End PBXShellScriptBuildPhase section */

/* Begin PBXSourcesBuildPhase section */
		F9097CBC25CACD7400645067 /* Sources */ = {
			isa = PBXSourcesBuildPhase;
			buildActionMask = 2147483647;
			files = (
				F9097D2C25CAF69900645067 /* MessageCollectionViewCell.swift in Sources */,
				F9097D2925CAF5C700645067 /* MessagesCollectionViewController.swift in Sources */,
				F9097D4825CC203C00645067 /* MessageLabel.swift in Sources */,
				F9097CC825CACD7400645067 /* LoginViewController.swift in Sources */,
				F9097CC425CACD7400645067 /* AppDelegate.swift in Sources */,
				F9097D2625CAEE4F00645067 /* Message.swift in Sources */,
				F9097CC625CACD7400645067 /* SceneDelegate.swift in Sources */,
				F9097D4525CC03F400645067 /* Extensions.swift in Sources */,
			);
			runOnlyForDeploymentPostprocessing = 0;
		};
/* End PBXSourcesBuildPhase section */

/* Begin PBXVariantGroup section */
		F9097CC925CACD7400645067 /* Main.storyboard */ = {
			isa = PBXVariantGroup;
			children = (
				F9097CCA25CACD7400645067 /* Base */,
			);
			name = Main.storyboard;
			sourceTree = "<group>";
		};
		F9097CCE25CACD7500645067 /* LaunchScreen.storyboard */ = {
			isa = PBXVariantGroup;
			children = (
				F9097CCF25CACD7500645067 /* Base */,
			);
			name = LaunchScreen.storyboard;
			sourceTree = "<group>";
		};
/* End PBXVariantGroup section */

/* Begin XCBuildConfiguration section */
		F9097CD225CACD7500645067 /* Debug */ = {
			isa = XCBuildConfiguration;
			buildSettings = {
				ALWAYS_SEARCH_USER_PATHS = NO;
				CLANG_ANALYZER_NONNULL = YES;
				CLANG_ANALYZER_NUMBER_OBJECT_CONVERSION = YES_AGGRESSIVE;
				CLANG_CXX_LANGUAGE_STANDARD = "gnu++14";
				CLANG_CXX_LIBRARY = "libc++";
				CLANG_ENABLE_MODULES = YES;
				CLANG_ENABLE_OBJC_ARC = YES;
				CLANG_ENABLE_OBJC_WEAK = YES;
				CLANG_WARN_BLOCK_CAPTURE_AUTORELEASING = YES;
				CLANG_WARN_BOOL_CONVERSION = YES;
				CLANG_WARN_COMMA = YES;
				CLANG_WARN_CONSTANT_CONVERSION = YES;
				CLANG_WARN_DEPRECATED_OBJC_IMPLEMENTATIONS = YES;
				CLANG_WARN_DIRECT_OBJC_ISA_USAGE = YES_ERROR;
				CLANG_WARN_DOCUMENTATION_COMMENTS = YES;
				CLANG_WARN_EMPTY_BODY = YES;
				CLANG_WARN_ENUM_CONVERSION = YES;
				CLANG_WARN_INFINITE_RECURSION = YES;
				CLANG_WARN_INT_CONVERSION = YES;
				CLANG_WARN_NON_LITERAL_NULL_CONVERSION = YES;
				CLANG_WARN_OBJC_IMPLICIT_RETAIN_SELF = YES;
				CLANG_WARN_OBJC_LITERAL_CONVERSION = YES;
				CLANG_WARN_OBJC_ROOT_CLASS = YES_ERROR;
				CLANG_WARN_QUOTED_INCLUDE_IN_FRAMEWORK_HEADER = YES;
				CLANG_WARN_RANGE_LOOP_ANALYSIS = YES;
				CLANG_WARN_STRICT_PROTOTYPES = YES;
				CLANG_WARN_SUSPICIOUS_MOVE = YES;
				CLANG_WARN_UNGUARDED_AVAILABILITY = YES_AGGRESSIVE;
				CLANG_WARN_UNREACHABLE_CODE = YES;
				CLANG_WARN__DUPLICATE_METHOD_MATCH = YES;
				COPY_PHASE_STRIP = NO;
				DEBUG_INFORMATION_FORMAT = dwarf;
				ENABLE_STRICT_OBJC_MSGSEND = YES;
				ENABLE_TESTABILITY = YES;
				GCC_C_LANGUAGE_STANDARD = gnu11;
				GCC_DYNAMIC_NO_PIC = NO;
				GCC_NO_COMMON_BLOCKS = YES;
				GCC_OPTIMIZATION_LEVEL = 0;
				GCC_PREPROCESSOR_DEFINITIONS = (
					"DEBUG=1",
					"$(inherited)",
				);
				GCC_WARN_64_TO_32_BIT_CONVERSION = YES;
				GCC_WARN_ABOUT_RETURN_TYPE = YES_ERROR;
				GCC_WARN_UNDECLARED_SELECTOR = YES;
				GCC_WARN_UNINITIALIZED_AUTOS = YES_AGGRESSIVE;
				GCC_WARN_UNUSED_FUNCTION = YES;
				GCC_WARN_UNUSED_VARIABLE = YES;
				IPHONEOS_DEPLOYMENT_TARGET = 14.4;
				MTL_ENABLE_DEBUG_INFO = INCLUDE_SOURCE;
				MTL_FAST_MATH = YES;
				ONLY_ACTIVE_ARCH = YES;
				SDKROOT = iphoneos;
				SWIFT_ACTIVE_COMPILATION_CONDITIONS = DEBUG;
				SWIFT_OPTIMIZATION_LEVEL = "-Onone";
			};
			name = Debug;
		};
		F9097CD325CACD7500645067 /* Release */ = {
			isa = XCBuildConfiguration;
			buildSettings = {
				ALWAYS_SEARCH_USER_PATHS = NO;
				CLANG_ANALYZER_NONNULL = YES;
				CLANG_ANALYZER_NUMBER_OBJECT_CONVERSION = YES_AGGRESSIVE;
				CLANG_CXX_LANGUAGE_STANDARD = "gnu++14";
				CLANG_CXX_LIBRARY = "libc++";
				CLANG_ENABLE_MODULES = YES;
				CLANG_ENABLE_OBJC_ARC = YES;
				CLANG_ENABLE_OBJC_WEAK = YES;
				CLANG_WARN_BLOCK_CAPTURE_AUTORELEASING = YES;
				CLANG_WARN_BOOL_CONVERSION = YES;
				CLANG_WARN_COMMA = YES;
				CLANG_WARN_CONSTANT_CONVERSION = YES;
				CLANG_WARN_DEPRECATED_OBJC_IMPLEMENTATIONS = YES;
				CLANG_WARN_DIRECT_OBJC_ISA_USAGE = YES_ERROR;
				CLANG_WARN_DOCUMENTATION_COMMENTS = YES;
				CLANG_WARN_EMPTY_BODY = YES;
				CLANG_WARN_ENUM_CONVERSION = YES;
				CLANG_WARN_INFINITE_RECURSION = YES;
				CLANG_WARN_INT_CONVERSION = YES;
				CLANG_WARN_NON_LITERAL_NULL_CONVERSION = YES;
				CLANG_WARN_OBJC_IMPLICIT_RETAIN_SELF = YES;
				CLANG_WARN_OBJC_LITERAL_CONVERSION = YES;
				CLANG_WARN_OBJC_ROOT_CLASS = YES_ERROR;
				CLANG_WARN_QUOTED_INCLUDE_IN_FRAMEWORK_HEADER = YES;
				CLANG_WARN_RANGE_LOOP_ANALYSIS = YES;
				CLANG_WARN_STRICT_PROTOTYPES = YES;
				CLANG_WARN_SUSPICIOUS_MOVE = YES;
				CLANG_WARN_UNGUARDED_AVAILABILITY = YES_AGGRESSIVE;
				CLANG_WARN_UNREACHABLE_CODE = YES;
				CLANG_WARN__DUPLICATE_METHOD_MATCH = YES;
				COPY_PHASE_STRIP = NO;
				DEBUG_INFORMATION_FORMAT = "dwarf-with-dsym";
				ENABLE_NS_ASSERTIONS = NO;
				ENABLE_STRICT_OBJC_MSGSEND = YES;
				GCC_C_LANGUAGE_STANDARD = gnu11;
				GCC_NO_COMMON_BLOCKS = YES;
				GCC_WARN_64_TO_32_BIT_CONVERSION = YES;
				GCC_WARN_ABOUT_RETURN_TYPE = YES_ERROR;
				GCC_WARN_UNDECLARED_SELECTOR = YES;
				GCC_WARN_UNINITIALIZED_AUTOS = YES_AGGRESSIVE;
				GCC_WARN_UNUSED_FUNCTION = YES;
				GCC_WARN_UNUSED_VARIABLE = YES;
				IPHONEOS_DEPLOYMENT_TARGET = 14.4;
				MTL_ENABLE_DEBUG_INFO = NO;
				MTL_FAST_MATH = YES;
				SDKROOT = iphoneos;
				SWIFT_COMPILATION_MODE = wholemodule;
				SWIFT_OPTIMIZATION_LEVEL = "-O";
				VALIDATE_PRODUCT = YES;
			};
			name = Release;
		};
		F9097CD525CACD7500645067 /* Debug */ = {
			isa = XCBuildConfiguration;
			baseConfigurationReference = 7692A41DB691898E78B03B6A /* Pods-Firebase Chat.debug.xcconfig */;
			buildSettings = {
				ASSETCATALOG_COMPILER_APPICON_NAME = AppIcon;
				ASSETCATALOG_COMPILER_GLOBAL_ACCENT_COLOR_NAME = AccentColor;
				CODE_SIGN_STYLE = Automatic;
				DEVELOPMENT_TEAM = 626G7W4F63;
				INFOPLIST_FILE = "Firebase Chat/Info.plist";
				LD_RUNPATH_SEARCH_PATHS = (
					"$(inherited)",
					"@executable_path/Frameworks",
				);
				PRODUCT_BUNDLE_IDENTIFIER = "com.mfp.michaelfpetersen.Firebase-Chat";
				PRODUCT_NAME = "$(TARGET_NAME)";
				SWIFT_VERSION = 5.0;
				TARGETED_DEVICE_FAMILY = 1;
			};
			name = Debug;
		};
		F9097CD625CACD7500645067 /* Release */ = {
			isa = XCBuildConfiguration;
			baseConfigurationReference = 63848B3860886CB7B448B09B /* Pods-Firebase Chat.release.xcconfig */;
			buildSettings = {
				ASSETCATALOG_COMPILER_APPICON_NAME = AppIcon;
				ASSETCATALOG_COMPILER_GLOBAL_ACCENT_COLOR_NAME = AccentColor;
				CODE_SIGN_STYLE = Automatic;
				DEVELOPMENT_TEAM = 626G7W4F63;
				INFOPLIST_FILE = "Firebase Chat/Info.plist";
				LD_RUNPATH_SEARCH_PATHS = (
					"$(inherited)",
					"@executable_path/Frameworks",
				);
				PRODUCT_BUNDLE_IDENTIFIER = "com.mfp.michaelfpetersen.Firebase-Chat";
				PRODUCT_NAME = "$(TARGET_NAME)";
				SWIFT_VERSION = 5.0;
				TARGETED_DEVICE_FAMILY = 1;
			};
			name = Release;
		};
/* End XCBuildConfiguration section */

/* Begin XCConfigurationList section */
		F9097CBB25CACD7400645067 /* Build configuration list for PBXProject "Firebase Chat" */ = {
			isa = XCConfigurationList;
			buildConfigurations = (
				F9097CD225CACD7500645067 /* Debug */,
				F9097CD325CACD7500645067 /* Release */,
			);
			defaultConfigurationIsVisible = 0;
			defaultConfigurationName = Release;
		};
		F9097CD425CACD7500645067 /* Build configuration list for PBXNativeTarget "Firebase Chat" */ = {
			isa = XCConfigurationList;
			buildConfigurations = (
				F9097CD525CACD7500645067 /* Debug */,
				F9097CD625CACD7500645067 /* Release */,
			);
			defaultConfigurationIsVisible = 0;
			defaultConfigurationName = Release;
		};
/* End XCConfigurationList section */
	};
	rootObject = F9097CB825CACD7400645067 /* Project object */;
}
